
Microsoft Visual Studio Solution File, Format Version 12.00
# Visual Studio 15
VisualStudioVersion = 15.0.27703.1
MinimumVisualStudioVersion = 10.0.40219.1
Project("{FAE04EC0-301F-11D3-BF4B-00C04F79EFBC}") = "Xamarin_Calculator", "Xamarin_Calculator\Xamarin_Calculator\Xamarin_Calculator.csproj", "{7B65581C-5266-4C14-8E08-55B63E858248}"
EndProject
Project("{FAE04EC0-301F-11D3-BF4B-00C04F79EFBC}") = "Xamarin_Calculator.Android", "Xamarin_Calculator\Xamarin_Calculator.Android\Xamarin_Calculator.Android.csproj", "{5EB1A746-6C4C-425C-9731-BF5782F85947}"
EndProject
Project("{FAE04EC0-301F-11D3-BF4B-00C04F79EFBC}") = "Xamarin_Calculator.iOS", "Xamarin_Calculator\Xamarin_Calculator.iOS\Xamarin_Calculator.iOS.csproj", "{4C510657-5AA3-4F95-B5CA-0FAECF21CBCC}"
EndProject
Project("{FAE04EC0-301F-11D3-BF4B-00C04F79EFBC}") = "Xamarin_Calculator.UWP", "Xamarin_Calculator\Xamarin_Calculator.UWP\Xamarin_Calculator.UWP.csproj", "{E2FCF487-E2B3-4905-A0AA-681E45E51E77}"
EndProject
Global
	GlobalSection(SolutionConfigurationPlatforms) = preSolution
		Ad-Hoc|Any CPU = Ad-Hoc|Any CPU
		Ad-Hoc|ARM = Ad-Hoc|ARM
		Ad-Hoc|iPhone = Ad-Hoc|iPhone
		Ad-Hoc|iPhoneSimulator = Ad-Hoc|iPhoneSimulator
		Ad-Hoc|x64 = Ad-Hoc|x64
		Ad-Hoc|x86 = Ad-Hoc|x86
		AppStore|Any CPU = AppStore|Any CPU
		AppStore|ARM = AppStore|ARM
		AppStore|iPhone = AppStore|iPhone
		AppStore|iPhoneSimulator = AppStore|iPhoneSimulator
		AppStore|x64 = AppStore|x64
		AppStore|x86 = AppStore|x86
		Debug|Any CPU = Debug|Any CPU
		Debug|ARM = Debug|ARM
		Debug|iPhone = Debug|iPhone
		Debug|iPhoneSimulator = Debug|iPhoneSimulator
		Debug|x64 = Debug|x64
		Debug|x86 = Debug|x86
		Release|Any CPU = Release|Any CPU
		Release|ARM = Release|ARM
		Release|iPhone = Release|iPhone
		Release|iPhoneSimulator = Release|iPhoneSimulator
		Release|x64 = Release|x64
		Release|x86 = Release|x86
	EndGlobalSection
	GlobalSection(ProjectConfigurationPlatforms) = postSolution
		{7B65581C-5266-4C14-8E08-55B63E858248}.Ad-Hoc|Any CPU.ActiveCfg = Debug|Any CPU
		{7B65581C-5266-4C14-8E08-55B63E858248}.Ad-Hoc|Any CPU.Build.0 = Debug|Any CPU
		{7B65581C-5266-4C14-8E08-55B63E858248}.Ad-Hoc|ARM.ActiveCfg = Debug|Any CPU
		{7B65581C-5266-4C14-8E08-55B63E858248}.Ad-Hoc|ARM.Build.0 = Debug|Any CPU
		{7B65581C-5266-4C14-8E08-55B63E858248}.Ad-Hoc|iPhone.ActiveCfg = Debug|Any CPU
		{7B65581C-5266-4C14-8E08-55B63E858248}.Ad-Hoc|iPhone.Build.0 = Debug|Any CPU
		{7B65581C-5266-4C14-8E08-55B63E858248}.Ad-Hoc|iPhoneSimulator.ActiveCfg = Debug|Any CPU
		{7B65581C-5266-4C14-8E08-55B63E858248}.Ad-Hoc|iPhoneSimulator.Build.0 = Debug|Any CPU
		{7B65581C-5266-4C14-8E08-55B63E858248}.Ad-Hoc|x64.ActiveCfg = Debug|Any CPU
		{7B65581C-5266-4C14-8E08-55B63E858248}.Ad-Hoc|x64.Build.0 = Debug|Any CPU
		{7B65581C-5266-4C14-8E08-55B63E858248}.Ad-Hoc|x86.ActiveCfg = Debug|Any CPU
		{7B65581C-5266-4C14-8E08-55B63E858248}.Ad-Hoc|x86.Build.0 = Debug|Any CPU
		{7B65581C-5266-4C14-8E08-55B63E858248}.AppStore|Any CPU.ActiveCfg = Debug|Any CPU
		{7B65581C-5266-4C14-8E08-55B63E858248}.AppStore|Any CPU.Build.0 = Debug|Any CPU
		{7B65581C-5266-4C14-8E08-55B63E858248}.AppStore|ARM.ActiveCfg = Debug|Any CPU
		{7B65581C-5266-4C14-8E08-55B63E858248}.AppStore|ARM.Build.0 = Debug|Any CPU
		{7B65581C-5266-4C14-8E08-55B63E858248}.AppStore|iPhone.ActiveCfg = Debug|Any CPU
		{7B65581C-5266-4C14-8E08-55B63E858248}.AppStore|iPhone.Build.0 = Debug|Any CPU
		{7B65581C-5266-4C14-8E08-55B63E858248}.AppStore|iPhoneSimulator.ActiveCfg = Debug|Any CPU
		{7B65581C-5266-4C14-8E08-55B63E858248}.AppStore|iPhoneSimulator.Build.0 = Debug|Any CPU
		{7B65581C-5266-4C14-8E08-55B63E858248}.AppStore|x64.ActiveCfg = Debug|Any CPU
		{7B65581C-5266-4C14-8E08-55B63E858248}.AppStore|x64.Build.0 = Debug|Any CPU
		{7B65581C-5266-4C14-8E08-55B63E858248}.AppStore|x86.ActiveCfg = Debug|Any CPU
		{7B65581C-5266-4C14-8E08-55B63E858248}.AppStore|x86.Build.0 = Debug|Any CPU
		{7B65581C-5266-4C14-8E08-55B63E858248}.Debug|Any CPU.ActiveCfg = Debug|Any CPU
		{7B65581C-5266-4C14-8E08-55B63E858248}.Debug|Any CPU.Build.0 = Debug|Any CPU
		{7B65581C-5266-4C14-8E08-55B63E858248}.Debug|ARM.ActiveCfg = Debug|Any CPU
		{7B65581C-5266-4C14-8E08-55B63E858248}.Debug|ARM.Build.0 = Debug|Any CPU
		{7B65581C-5266-4C14-8E08-55B63E858248}.Debug|iPhone.ActiveCfg = Debug|Any CPU
		{7B65581C-5266-4C14-8E08-55B63E858248}.Debug|iPhone.Build.0 = Debug|Any CPU
		{7B65581C-5266-4C14-8E08-55B63E858248}.Debug|iPhoneSimulator.ActiveCfg = Debug|Any CPU
		{7B65581C-5266-4C14-8E08-55B63E858248}.Debug|iPhoneSimulator.Build.0 = Debug|Any CPU
		{7B65581C-5266-4C14-8E08-55B63E858248}.Debug|x64.ActiveCfg = Debug|Any CPU
		{7B65581C-5266-4C14-8E08-55B63E858248}.Debug|x64.Build.0 = Debug|Any CPU
		{7B65581C-5266-4C14-8E08-55B63E858248}.Debug|x86.ActiveCfg = Debug|Any CPU
		{7B65581C-5266-4C14-8E08-55B63E858248}.Debug|x86.Build.0 = Debug|Any CPU
		{7B65581C-5266-4C14-8E08-55B63E858248}.Release|Any CPU.ActiveCfg = Release|Any CPU
		{7B65581C-5266-4C14-8E08-55B63E858248}.Release|Any CPU.Build.0 = Release|Any CPU
		{7B65581C-5266-4C14-8E08-55B63E858248}.Release|ARM.ActiveCfg = Release|Any CPU
		{7B65581C-5266-4C14-8E08-55B63E858248}.Release|ARM.Build.0 = Release|Any CPU
		{7B65581C-5266-4C14-8E08-55B63E858248}.Release|iPhone.ActiveCfg = Release|Any CPU
		{7B65581C-5266-4C14-8E08-55B63E858248}.Release|iPhone.Build.0 = Release|Any CPU
		{7B65581C-5266-4C14-8E08-55B63E858248}.Release|iPhoneSimulator.ActiveCfg = Release|Any CPU
		{7B65581C-5266-4C14-8E08-55B63E858248}.Release|iPhoneSimulator.Build.0 = Release|Any CPU
		{7B65581C-5266-4C14-8E08-55B63E858248}.Release|x64.ActiveCfg = Release|Any CPU
		{7B65581C-5266-4C14-8E08-55B63E858248}.Release|x64.Build.0 = Release|Any CPU
		{7B65581C-5266-4C14-8E08-55B63E858248}.Release|x86.ActiveCfg = Release|Any CPU
		{7B65581C-5266-4C14-8E08-55B63E858248}.Release|x86.Build.0 = Release|Any CPU
		{5EB1A746-6C4C-425C-9731-BF5782F85947}.Ad-Hoc|Any CPU.ActiveCfg = Release|Any CPU
		{5EB1A746-6C4C-425C-9731-BF5782F85947}.Ad-Hoc|Any CPU.Build.0 = Release|Any CPU
		{5EB1A746-6C4C-425C-9731-BF5782F85947}.Ad-Hoc|Any CPU.Deploy.0 = Release|Any CPU
		{5EB1A746-6C4C-425C-9731-BF5782F85947}.Ad-Hoc|ARM.ActiveCfg = Release|Any CPU
		{5EB1A746-6C4C-425C-9731-BF5782F85947}.Ad-Hoc|ARM.Build.0 = Release|Any CPU
		{5EB1A746-6C4C-425C-9731-BF5782F85947}.Ad-Hoc|ARM.Deploy.0 = Release|Any CPU
		{5EB1A746-6C4C-425C-9731-BF5782F85947}.Ad-Hoc|iPhone.ActiveCfg = Release|Any CPU
		{5EB1A746-6C4C-425C-9731-BF5782F85947}.Ad-Hoc|iPhone.Build.0 = Release|Any CPU
		{5EB1A746-6C4C-425C-9731-BF5782F85947}.Ad-Hoc|iPhone.Deploy.0 = Release|Any CPU
		{5EB1A746-6C4C-425C-9731-BF5782F85947}.Ad-Hoc|iPhoneSimulator.ActiveCfg = Release|Any CPU
		{5EB1A746-6C4C-425C-9731-BF5782F85947}.Ad-Hoc|iPhoneSimulator.Build.0 = Release|Any CPU
		{5EB1A746-6C4C-425C-9731-BF5782F85947}.Ad-Hoc|iPhoneSimulator.Deploy.0 = Release|Any CPU
		{5EB1A746-6C4C-425C-9731-BF5782F85947}.Ad-Hoc|x64.ActiveCfg = Release|Any CPU
		{5EB1A746-6C4C-425C-9731-BF5782F85947}.Ad-Hoc|x64.Build.0 = Release|Any CPU
		{5EB1A746-6C4C-425C-9731-BF5782F85947}.Ad-Hoc|x64.Deploy.0 = Release|Any CPU
		{5EB1A746-6C4C-425C-9731-BF5782F85947}.Ad-Hoc|x86.ActiveCfg = Release|Any CPU
		{5EB1A746-6C4C-425C-9731-BF5782F85947}.Ad-Hoc|x86.Build.0 = Release|Any CPU
		{5EB1A746-6C4C-425C-9731-BF5782F85947}.Ad-Hoc|x86.Deploy.0 = Release|Any CPU
		{5EB1A746-6C4C-425C-9731-BF5782F85947}.AppStore|Any CPU.ActiveCfg = Release|Any CPU
		{5EB1A746-6C4C-425C-9731-BF5782F85947}.AppStore|Any CPU.Build.0 = Release|Any CPU
		{5EB1A746-6C4C-425C-9731-BF5782F85947}.AppStore|Any CPU.Deploy.0 = Release|Any CPU
		{5EB1A746-6C4C-425C-9731-BF5782F85947}.AppStore|ARM.ActiveCfg = Release|Any CPU
		{5EB1A746-6C4C-425C-9731-BF5782F85947}.AppStore|ARM.Build.0 = Release|Any CPU
		{5EB1A746-6C4C-425C-9731-BF5782F85947}.AppStore|ARM.Deploy.0 = Release|Any CPU
		{5EB1A746-6C4C-425C-9731-BF5782F85947}.AppStore|iPhone.ActiveCfg = Release|Any CPU
		{5EB1A746-6C4C-425C-9731-BF5782F85947}.AppStore|iPhone.Build.0 = Release|Any CPU
		{5EB1A746-6C4C-425C-9731-BF5782F85947}.AppStore|iPhone.Deploy.0 = Release|Any CPU
		{5EB1A746-6C4C-425C-9731-BF5782F85947}.AppStore|iPhoneSimulator.ActiveCfg = Release|Any CPU
		{5EB1A746-6C4C-425C-9731-BF5782F85947}.AppStore|iPhoneSimulator.Build.0 = Release|Any CPU
		{5EB1A746-6C4C-425C-9731-BF5782F85947}.AppStore|iPhoneSimulator.Deploy.0 = Release|Any CPU
		{5EB1A746-6C4C-425C-9731-BF5782F85947}.AppStore|x64.ActiveCfg = Release|Any CPU
		{5EB1A746-6C4C-425C-9731-BF5782F85947}.AppStore|x64.Build.0 = Release|Any CPU
		{5EB1A746-6C4C-425C-9731-BF5782F85947}.AppStore|x64.Deploy.0 = Release|Any CPU
		{5EB1A746-6C4C-425C-9731-BF5782F85947}.AppStore|x86.ActiveCfg = Release|Any CPU
		{5EB1A746-6C4C-425C-9731-BF5782F85947}.AppStore|x86.Build.0 = Release|Any CPU
		{5EB1A746-6C4C-425C-9731-BF5782F85947}.AppStore|x86.Deploy.0 = Release|Any CPU
		{5EB1A746-6C4C-425C-9731-BF5782F85947}.Debug|Any CPU.ActiveCfg = Debug|Any CPU
		{5EB1A746-6C4C-425C-9731-BF5782F85947}.Debug|Any CPU.Build.0 = Debug|Any CPU
		{5EB1A746-6C4C-425C-9731-BF5782F85947}.Debug|Any CPU.Deploy.0 = Debug|Any CPU
		{5EB1A746-6C4C-425C-9731-BF5782F85947}.Debug|ARM.ActiveCfg = Debug|Any CPU
		{5EB1A746-6C4C-425C-9731-BF5782F85947}.Debug|ARM.Build.0 = Debug|Any CPU
		{5EB1A746-6C4C-425C-9731-BF5782F85947}.Debug|ARM.Deploy.0 = Debug|Any CPU
		{5EB1A746-6C4C-425C-9731-BF5782F85947}.Debug|iPhone.ActiveCfg = Debug|Any CPU
		{5EB1A746-6C4C-425C-9731-BF5782F85947}.Debug|iPhone.Build.0 = Debug|Any CPU
		{5EB1A746-6C4C-425C-9731-BF5782F85947}.Debug|iPhone.Deploy.0 = Debug|Any CPU
		{5EB1A746-6C4C-425C-9731-BF5782F85947}.Debug|iPhoneSimulator.ActiveCfg = Debug|Any CPU
		{5EB1A746-6C4C-425C-9731-BF5782F85947}.Debug|iPhoneSimulator.Build.0 = Debug|Any CPU
		{5EB1A746-6C4C-425C-9731-BF5782F85947}.Debug|iPhoneSimulator.Deploy.0 = Debug|Any CPU
		{5EB1A746-6C4C-425C-9731-BF5782F85947}.Debug|x64.ActiveCfg = Debug|Any CPU
		{5EB1A746-6C4C-425C-9731-BF5782F85947}.Debug|x64.Build.0 = Debug|Any CPU
		{5EB1A746-6C4C-425C-9731-BF5782F85947}.Debug|x64.Deploy.0 = Debug|Any CPU
		{5EB1A746-6C4C-425C-9731-BF5782F85947}.Debug|x86.ActiveCfg = Debug|Any CPU
		{5EB1A746-6C4C-425C-9731-BF5782F85947}.Debug|x86.Build.0 = Debug|Any CPU
		{5EB1A746-6C4C-425C-9731-BF5782F85947}.Debug|x86.Deploy.0 = Debug|Any CPU
		{5EB1A746-6C4C-425C-9731-BF5782F85947}.Release|Any CPU.ActiveCfg = Release|Any CPU
		{5EB1A746-6C4C-425C-9731-BF5782F85947}.Release|Any CPU.Build.0 = Release|Any CPU
		{5EB1A746-6C4C-425C-9731-BF5782F85947}.Release|Any CPU.Deploy.0 = Release|Any CPU
		{5EB1A746-6C4C-425C-9731-BF5782F85947}.Release|ARM.ActiveCfg = Release|Any CPU
		{5EB1A746-6C4C-425C-9731-BF5782F85947}.Release|ARM.Build.0 = Release|Any CPU
		{5EB1A746-6C4C-425C-9731-BF5782F85947}.Release|ARM.Deploy.0 = Release|Any CPU
		{5EB1A746-6C4C-425C-9731-BF5782F85947}.Release|iPhone.ActiveCfg = Release|Any CPU
		{5EB1A746-6C4C-425C-9731-BF5782F85947}.Release|iPhone.Build.0 = Release|Any CPU
		{5EB1A746-6C4C-425C-9731-BF5782F85947}.Release|iPhone.Deploy.0 = Release|Any CPU
		{5EB1A746-6C4C-425C-9731-BF5782F85947}.Release|iPhoneSimulator.ActiveCfg = Release|Any CPU
		{5EB1A746-6C4C-425C-9731-BF5782F85947}.Release|iPhoneSimulator.Build.0 = Release|Any CPU
		{5EB1A746-6C4C-425C-9731-BF5782F85947}.Release|iPhoneSimulator.Deploy.0 = Release|Any CPU
		{5EB1A746-6C4C-425C-9731-BF5782F85947}.Release|x64.ActiveCfg = Release|Any CPU
		{5EB1A746-6C4C-425C-9731-BF5782F85947}.Release|x64.Build.0 = Release|Any CPU
		{5EB1A746-6C4C-425C-9731-BF5782F85947}.Release|x64.Deploy.0 = Release|Any CPU
		{5EB1A746-6C4C-425C-9731-BF5782F85947}.Release|x86.ActiveCfg = Release|Any CPU
		{5EB1A746-6C4C-425C-9731-BF5782F85947}.Release|x86.Build.0 = Release|Any CPU
		{5EB1A746-6C4C-425C-9731-BF5782F85947}.Release|x86.Deploy.0 = Release|Any CPU
		{4C510657-5AA3-4F95-B5CA-0FAECF21CBCC}.Ad-Hoc|Any CPU.ActiveCfg = Ad-Hoc|iPhone
		{4C510657-5AA3-4F95-B5CA-0FAECF21CBCC}.Ad-Hoc|ARM.ActiveCfg = Ad-Hoc|iPhone
		{4C510657-5AA3-4F95-B5CA-0FAECF21CBCC}.Ad-Hoc|iPhone.ActiveCfg = Ad-Hoc|iPhone
		{4C510657-5AA3-4F95-B5CA-0FAECF21CBCC}.Ad-Hoc|iPhone.Build.0 = Ad-Hoc|iPhone
		{4C510657-5AA3-4F95-B5CA-0FAECF21CBCC}.Ad-Hoc|iPhoneSimulator.ActiveCfg = Ad-Hoc|iPhoneSimulator
		{4C510657-5AA3-4F95-B5CA-0FAECF21CBCC}.Ad-Hoc|iPhoneSimulator.Build.0 = Ad-Hoc|iPhoneSimulator
		{4C510657-5AA3-4F95-B5CA-0FAECF21CBCC}.Ad-Hoc|x64.ActiveCfg = Ad-Hoc|iPhone
		{4C510657-5AA3-4F95-B5CA-0FAECF21CBCC}.Ad-Hoc|x86.ActiveCfg = Ad-Hoc|iPhone
		{4C510657-5AA3-4F95-B5CA-0FAECF21CBCC}.AppStore|Any CPU.ActiveCfg = AppStore|iPhone
		{4C510657-5AA3-4F95-B5CA-0FAECF21CBCC}.AppStore|ARM.ActiveCfg = AppStore|iPhone
		{4C510657-5AA3-4F95-B5CA-0FAECF21CBCC}.AppStore|iPhone.ActiveCfg = AppStore|iPhone
		{4C510657-5AA3-4F95-B5CA-0FAECF21CBCC}.AppStore|iPhone.Build.0 = AppStore|iPhone
		{4C510657-5AA3-4F95-B5CA-0FAECF21CBCC}.AppStore|iPhoneSimulator.ActiveCfg = AppStore|iPhoneSimulator
		{4C510657-5AA3-4F95-B5CA-0FAECF21CBCC}.AppStore|iPhoneSimulator.Build.0 = AppStore|iPhoneSimulator
		{4C510657-5AA3-4F95-B5CA-0FAECF21CBCC}.AppStore|x64.ActiveCfg = AppStore|iPhone
		{4C510657-5AA3-4F95-B5CA-0FAECF21CBCC}.AppStore|x86.ActiveCfg = AppStore|iPhone
		{4C510657-5AA3-4F95-B5CA-0FAECF21CBCC}.Debug|Any CPU.ActiveCfg = Debug|iPhone
		{4C510657-5AA3-4F95-B5CA-0FAECF21CBCC}.Debug|ARM.ActiveCfg = Debug|iPhone
		{4C510657-5AA3-4F95-B5CA-0FAECF21CBCC}.Debug|iPhone.ActiveCfg = Debug|iPhone
		{4C510657-5AA3-4F95-B5CA-0FAECF21CBCC}.Debug|iPhone.Build.0 = Debug|iPhone
		{4C510657-5AA3-4F95-B5CA-0FAECF21CBCC}.Debug|iPhoneSimulator.ActiveCfg = Debug|iPhoneSimulator
		{4C510657-5AA3-4F95-B5CA-0FAECF21CBCC}.Debug|iPhoneSimulator.Build.0 = Debug|iPhoneSimulator
		{4C510657-5AA3-4F95-B5CA-0FAECF21CBCC}.Debug|x64.ActiveCfg = Debug|iPhone
		{4C510657-5AA3-4F95-B5CA-0FAECF21CBCC}.Debug|x86.ActiveCfg = Debug|iPhone
		{4C510657-5AA3-4F95-B5CA-0FAECF21CBCC}.Release|Any CPU.ActiveCfg = Release|iPhone
		{4C510657-5AA3-4F95-B5CA-0FAECF21CBCC}.Release|ARM.ActiveCfg = Release|iPhone
		{4C510657-5AA3-4F95-B5CA-0FAECF21CBCC}.Release|iPhone.ActiveCfg = Release|iPhone
		{4C510657-5AA3-4F95-B5CA-0FAECF21CBCC}.Release|iPhone.Build.0 = Release|iPhone
		{4C510657-5AA3-4F95-B5CA-0FAECF21CBCC}.Release|iPhoneSimulator.ActiveCfg = Release|iPhoneSimulator
		{4C510657-5AA3-4F95-B5CA-0FAECF21CBCC}.Release|iPhoneSimulator.Build.0 = Release|iPhoneSimulator
		{4C510657-5AA3-4F95-B5CA-0FAECF21CBCC}.Release|x64.ActiveCfg = Release|iPhone
		{4C510657-5AA3-4F95-B5CA-0FAECF21CBCC}.Release|x86.ActiveCfg = Release|iPhone
		{E2FCF487-E2B3-4905-A0AA-681E45E51E77}.Ad-Hoc|Any CPU.ActiveCfg = Release|x86
		{E2FCF487-E2B3-4905-A0AA-681E45E51E77}.Ad-Hoc|Any CPU.Build.0 = Release|x86
		{E2FCF487-E2B3-4905-A0AA-681E45E51E77}.Ad-Hoc|Any CPU.Deploy.0 = Release|x86
		{E2FCF487-E2B3-4905-A0AA-681E45E51E77}.Ad-Hoc|ARM.ActiveCfg = Release|ARM
		{E2FCF487-E2B3-4905-A0AA-681E45E51E77}.Ad-Hoc|ARM.Build.0 = Release|ARM
		{E2FCF487-E2B3-4905-A0AA-681E45E51E77}.Ad-Hoc|ARM.Deploy.0 = Release|ARM
		{E2FCF487-E2B3-4905-A0AA-681E45E51E77}.Ad-Hoc|iPhone.ActiveCfg = Release|x86
		{E2FCF487-E2B3-4905-A0AA-681E45E51E77}.Ad-Hoc|iPhone.Build.0 = Release|x86
		{E2FCF487-E2B3-4905-A0AA-681E45E51E77}.Ad-Hoc|iPhone.Deploy.0 = Release|x86
		{E2FCF487-E2B3-4905-A0AA-681E45E51E77}.Ad-Hoc|iPhoneSimulator.ActiveCfg = Release|x86
		{E2FCF487-E2B3-4905-A0AA-681E45E51E77}.Ad-Hoc|iPhoneSimulator.Build.0 = Release|x86
		{E2FCF487-E2B3-4905-A0AA-681E45E51E77}.Ad-Hoc|iPhoneSimulator.Deploy.0 = Release|x86
		{E2FCF487-E2B3-4905-A0AA-681E45E51E77}.Ad-Hoc|x64.ActiveCfg = Release|x64
		{E2FCF487-E2B3-4905-A0AA-681E45E51E77}.Ad-Hoc|x64.Build.0 = Release|x64
		{E2FCF487-E2B3-4905-A0AA-681E45E51E77}.Ad-Hoc|x64.Deploy.0 = Release|x64
		{E2FCF487-E2B3-4905-A0AA-681E45E51E77}.Ad-Hoc|x86.ActiveCfg = Release|x86
		{E2FCF487-E2B3-4905-A0AA-681E45E51E77}.Ad-Hoc|x86.Build.0 = Release|x86
		{E2FCF487-E2B3-4905-A0AA-681E45E51E77}.Ad-Hoc|x86.Deploy.0 = Release|x86
		{E2FCF487-E2B3-4905-A0AA-681E45E51E77}.AppStore|Any CPU.ActiveCfg = Release|x86
		{E2FCF487-E2B3-4905-A0AA-681E45E51E77}.AppStore|Any CPU.Build.0 = Release|x86
		{E2FCF487-E2B3-4905-A0AA-681E45E51E77}.AppStore|Any CPU.Deploy.0 = Release|x86
		{E2FCF487-E2B3-4905-A0AA-681E45E51E77}.AppStore|ARM.ActiveCfg = Release|ARM
		{E2FCF487-E2B3-4905-A0AA-681E45E51E77}.AppStore|ARM.Build.0 = Release|ARM
		{E2FCF487-E2B3-4905-A0AA-681E45E51E77}.AppStore|ARM.Deploy.0 = Release|ARM
		{E2FCF487-E2B3-4905-A0AA-681E45E51E77}.AppStore|iPhone.ActiveCfg = Release|x86
		{E2FCF487-E2B3-4905-A0AA-681E45E51E77}.AppStore|iPhone.Build.0 = Release|x86
		{E2FCF487-E2B3-4905-A0AA-681E45E51E77}.AppStore|iPhone.Deploy.0 = Release|x86
		{E2FCF487-E2B3-4905-A0AA-681E45E51E77}.AppStore|iPhoneSimulator.ActiveCfg = Release|x86
		{E2FCF487-E2B3-4905-A0AA-681E45E51E77}.AppStore|iPhoneSimulator.Build.0 = Release|x86
		{E2FCF487-E2B3-4905-A0AA-681E45E51E77}.AppStore|iPhoneSimulator.Deploy.0 = Release|x86
		{E2FCF487-E2B3-4905-A0AA-681E45E51E77}.AppStore|x64.ActiveCfg = Release|x64
		{E2FCF487-E2B3-4905-A0AA-681E45E51E77}.AppStore|x64.Build.0 = Release|x64
		{E2FCF487-E2B3-4905-A0AA-681E45E51E77}.AppStore|x64.Deploy.0 = Release|x64
		{E2FCF487-E2B3-4905-A0AA-681E45E51E77}.AppStore|x86.ActiveCfg = Release|x86
		{E2FCF487-E2B3-4905-A0AA-681E45E51E77}.AppStore|x86.Build.0 = Release|x86
		{E2FCF487-E2B3-4905-A0AA-681E45E51E77}.AppStore|x86.Deploy.0 = Release|x86
		{E2FCF487-E2B3-4905-A0AA-681E45E51E77}.Debug|Any CPU.ActiveCfg = Debug|x86
		{E2FCF487-E2B3-4905-A0AA-681E45E51E77}.Debug|ARM.ActiveCfg = Debug|ARM
		{E2FCF487-E2B3-4905-A0AA-681E45E51E77}.Debug|ARM.Build.0 = Debug|ARM
		{E2FCF487-E2B3-4905-A0AA-681E45E51E77}.Debug|ARM.Deploy.0 = Debug|ARM
		{E2FCF487-E2B3-4905-A0AA-681E45E51E77}.Debug|iPhone.ActiveCfg = Debug|x86
		{E2FCF487-E2B3-4905-A0AA-681E45E51E77}.Debug|iPhoneSimulator.ActiveCfg = Debug|x86
		{E2FCF487-E2B3-4905-A0AA-681E45E51E77}.Debug|x64.ActiveCfg = Debug|x64
		{E2FCF487-E2B3-4905-A0AA-681E45E51E77}.Debug|x64.Build.0 = Debug|x64
		{E2FCF487-E2B3-4905-A0AA-681E45E51E77}.Debug|x64.Deploy.0 = Debug|x64
		{E2FCF487-E2B3-4905-A0AA-681E45E51E77}.Debug|x86.ActiveCfg = Debug|x86
		{E2FCF487-E2B3-4905-A0AA-681E45E51E77}.Debug|x86.Build.0 = Debug|x86
		{E2FCF487-E2B3-4905-A0AA-681E45E51E77}.Debug|x86.Deploy.0 = Debug|x86
		{E2FCF487-E2B3-4905-A0AA-681E45E51E77}.Release|Any CPU.ActiveCfg = Release|x86
		{E2FCF487-E2B3-4905-A0AA-681E45E51E77}.Release|ARM.ActiveCfg = Release|ARM
		{E2FCF487-E2B3-4905-A0AA-681E45E51E77}.Release|ARM.Build.0 = Release|ARM
		{E2FCF487-E2B3-4905-A0AA-681E45E51E77}.Release|ARM.Deploy.0 = Release|ARM
		{E2FCF487-E2B3-4905-A0AA-681E45E51E77}.Release|iPhone.ActiveCfg = Release|x86
		{E2FCF487-E2B3-4905-A0AA-681E45E51E77}.Release|iPhoneSimulator.ActiveCfg = Release|x86
		{E2FCF487-E2B3-4905-A0AA-681E45E51E77}.Release|x64.ActiveCfg = Release|x64
		{E2FCF487-E2B3-4905-A0AA-681E45E51E77}.Release|x64.Build.0 = Release|x64
		{E2FCF487-E2B3-4905-A0AA-681E45E51E77}.Release|x64.Deploy.0 = Release|x64
		{E2FCF487-E2B3-4905-A0AA-681E45E51E77}.Release|x86.ActiveCfg = Release|x86
		{E2FCF487-E2B3-4905-A0AA-681E45E51E77}.Release|x86.Build.0 = Release|x86
		{E2FCF487-E2B3-4905-A0AA-681E45E51E77}.Release|x86.Deploy.0 = Release|x86
	EndGlobalSection
	GlobalSection(SolutionProperties) = preSolution
		HideSolutionNode = FALSE
	EndGlobalSection
	GlobalSection(ExtensibilityGlobals) = postSolution
		SolutionGuid = {418586BD-60BF-4BD1-A758-AD5B5FF431C2}
	EndGlobalSection
	GlobalSection(TeamFoundationVersionControl) = preSolution
		SccNumberOfProjects = 5
		SccEnterpriseProvider = {4CA58AB2-18FA-4F8D-95D4-32DDF27D184C}
		SccTeamFoundationServer = https://ngotrung.visualstudio.com/
		SccLocalPath0 = .
		SccProjectUniqueName1 = Xamarin_Calculator\\Xamarin_Calculator.Android\\Xamarin_Calculator.Android.csproj
		SccProjectName1 = Xamarin_Calculator/Xamarin_Calculator.Android
		SccLocalPath1 = Xamarin_Calculator\\Xamarin_Calculator.Android
		SccProjectUniqueName2 = Xamarin_Calculator\\Xamarin_Calculator.iOS\\Xamarin_Calculator.iOS.csproj
		SccProjectName2 = Xamarin_Calculator/Xamarin_Calculator.iOS
		SccLocalPath2 = Xamarin_Calculator\\Xamarin_Calculator.iOS
		SccProjectUniqueName3 = Xamarin_Calculator\\Xamarin_Calculator.UWP\\Xamarin_Calculator.UWP.csproj
		SccProjectName3 = Xamarin_Calculator/Xamarin_Calculator.UWP
		SccLocalPath3 = Xamarin_Calculator\\Xamarin_Calculator.UWP
		SccProjectUniqueName4 = Xamarin_Calculator\\Xamarin_Calculator\\Xamarin_Calculator.csproj
		SccProjectName4 = Xamarin_Calculator/Xamarin_Calculator
		SccLocalPath4 = Xamarin_Calculator\\Xamarin_Calculator
	EndGlobalSection
EndGlobal
